
Microsoft Visual Studio Solution File, Format Version 12.00
# Visual Studio 15
VisualStudioVersion = 15.0.28010.2026
MinimumVisualStudioVersion = 10.0.40219.1
Project("{FAE04EC0-301F-11D3-BF4B-00C04F79EFBC}") = "Subscriber", "Subscriber\Subscriber.csproj", "{2051CBB1-A2C2-4E67-ADCB-07D5CFB6FFB1}"
EndProject
Global
	GlobalSection(SolutionConfigurationPlatforms) = preSolution
		Debug|Any CPU = Debug|Any CPU
		Release|Any CPU = Release|Any CPU
	EndGlobalSection
	GlobalSection(ProjectConfigurationPlatforms) = postSolution
		{2051CBB1-A2C2-4E67-ADCB-07D5CFB6FFB1}.Debug|Any CPU.ActiveCfg = Debug|Any CPU
		{2051CBB1-A2C2-4E67-ADCB-07D5CFB6FFB1}.Debug|Any CPU.Build.0 = Debug|Any CPU
		{2051CBB1-A2C2-4E67-ADCB-07D5CFB6FFB1}.Release|Any CPU.ActiveCfg = Release|Any CPU
		{2051CBB1-A2C2-4E67-ADCB-07D5CFB6FFB1}.Release|Any CPU.Build.0 = Release|Any CPU
	EndGlobalSection
	GlobalSection(SolutionProperties) = preSolution
		HideSolutionNode = FALSE
	EndGlobalSection
	GlobalSection(ExtensibilityGlobals) = postSolution
		SolutionGuid = {E5B2893F-C040-43A8-9312-4B607A2E27C2}
	EndGlobalSection
EndGlobal
